# @generated by Move, please check-in and do not edit manually.

[move]
version = 3
manifest_digest = "3251B8935CFB429368508EE2B5917E99703F194CB096CE54FEF6EAEEBB6FE28B"
deps_digest = "F8BBB0CCB2491CA29A3DF03D6F92277A4F3574266507ACD77214D37ECA3F3082"
dependencies = [
  { id = "Sui", name = "Sui" },
]

[[move.package]]
id = "MoveStdlib"
source = { git = "https://github.com/MystenLabs/sui.git", rev = "framework/testnet", subdir = "crates/sui-framework/packages/move-stdlib" }

[[move.package]]
id = "Sui"
source = { git = "https://github.com/MystenLabs/sui.git", rev = "framework/testnet", subdir = "crates/sui-framework/packages/sui-framework" }

dependencies = [
  { id = "MoveStdlib", name = "MoveStdlib" },
]

[move.toolchain-version]
compiler-version = "1.61.1"
edition = "2024.beta"
flavor = "sui"

[env]

[env.testnet]
chain-id = "4c78adac"
original-published-id = "0x7439e5688f17e91fec859c2dadd02acbd0b4b6552361a7f8f27895504f9fb865"
latest-published-id = "0x7439e5688f17e91fec859c2dadd02acbd0b4b6552361a7f8f27895504f9fb865"
published-version = "1"
